<?xml version="1.0" encoding="utf-8"?>
<Project ToolsVersion="4.0" xmlns="http://schemas.microsoft.com/developer/msbuild/2003">
  <ItemGroup>
    <Filter Include="Header Files">
      <UniqueIdentifier>{93995380-89BD-4b04-88EB-625FBE52EBFB}</UniqueIdentifier>
      <Extensions>h;hh;hpp;hxx;hm;inl;inc;xsd</Extensions>
    </Filter>
    <Filter Include="Resource Files">
      <UniqueIdentifier>{67DA6AB6-F800-4c08-8B7A-83BB121AAD01}</UniqueIdentifier>
      <Extensions>rc;ico;cur;bmp;dlg;rc2;rct;bin;rgs;gif;jpg;jpeg;jpe;resx;tiff;tif;png;wav</Extensions>
    </Filter>
    <Filter Include="Resource Files\MapData">
      <UniqueIdentifier>{73687607-ebdd-46d2-be49-15fe75849127}</UniqueIdentifier>
    </Filter>
    <Filter Include="Source Files">
      <UniqueIdentifier>{4FC737F1-C7A5-4376-A066-2A32D752A2FF}</UniqueIdentifier>
      <Extensions>cpp;c;cc;cxx;def;odl;idl;hpj;bat;asm;asmx</Extensions>
    </Filter>
    <Filter Include="Source Files\Political">
      <UniqueIdentifier>{fe0553f3-14bf-4c6f-b418-6bdb3ee0bee2}</UniqueIdentifier>
    </Filter>
    <Filter Include="Source Files\Economic">
      <UniqueIdentifier>{4731e84b-92f7-4192-afb7-8a4ae14f39a3}</UniqueIdentifier>
    </Filter>
    <Filter Include="Source Files\Map">
      <UniqueIdentifier>{5e155a0b-3fe0-4d9a-99d0-e7e18cb8b793}</UniqueIdentifier>
    </Filter>
  </ItemGroup>
  <ItemGroup>
    <ClCompile Include="main.cpp">
      <Filter>Source Files</Filter>
    </ClCompile>
    <ClCompile Include="text_tester.cpp">
      <Filter>Source Files</Filter>
    </ClCompile>
    <ClCompile Include="txt_reader.cpp">
      <Filter>Source Files</Filter>
    </ClCompile>
    <ClCompile Include="states\states.cpp">
      <Filter>Source Files\Map</Filter>
    </ClCompile>
  </ItemGroup>
  <ItemGroup>
    <ClInclude Include="states\states.hpp">
      <Filter>Header Files</Filter>
    </ClInclude>
    <ClInclude Include="resource.h">
      <Filter>Header Files</Filter>
    </ClInclude>
  </ItemGroup>
  <ItemGroup>
    <Text Include="data\mapdata\provinces.txt">
      <Filter>Resource Files\MapData</Filter>
    </Text>
    <Text Include="data\mapdata\rgo.txt">
      <Filter>Resource Files\MapData</Filter>
    </Text>
    <Text Include="data\mapdata\states.txt">
      <Filter>Resource Files\MapData</Filter>
    </Text>
    <Text Include="data\mapdata\terrain.txt">
      <Filter>Resource Files\MapData</Filter>
    </Text>
  </ItemGroup>
</Project>